
Microsoft Visual Studio Solution File, Format Version 12.00
# Visual Studio Version 17
VisualStudioVersion = 17.9.34723.18
MinimumVisualStudioVersion = 10.0.40219.1
Project("{FAE04EC0-301F-11D3-BF4B-00C04F79EFBC}") = "Practical6", "Practical6\Practical6.csproj", "{62DC6A8E-797F-4FED-9BCC-A0C3C7F82E70}"
EndProject
Global
	GlobalSection(SolutionConfigurationPlatforms) = preSolution
		Debug|Any CPU = Debug|Any CPU
		Release|Any CPU = Release|Any CPU
	EndGlobalSection
	GlobalSection(ProjectConfigurationPlatforms) = postSolution
		{62DC6A8E-797F-4FED-9BCC-A0C3C7F82E70}.Debug|Any CPU.ActiveCfg = Debug|Any CPU
		{62DC6A8E-797F-4FED-9BCC-A0C3C7F82E70}.Debug|Any CPU.Build.0 = Debug|Any CPU
		{62DC6A8E-797F-4FED-9BCC-A0C3C7F82E70}.Release|Any CPU.ActiveCfg = Release|Any CPU
		{62DC6A8E-797F-4FED-9BCC-A0C3C7F82E70}.Release|Any CPU.Build.0 = Release|Any CPU
	EndGlobalSection
	GlobalSection(SolutionProperties) = preSolution
		HideSolutionNode = FALSE
	EndGlobalSection
	GlobalSection(ExtensibilityGlobals) = postSolution
		SolutionGuid = {78442F8F-2781-471A-9901-8EA3C74BA2E7}
	EndGlobalSection
EndGlobal
